
Microsoft Visual Studio Solution File, Format Version 12.00
# Visual Studio Version 16
VisualStudioVersion = 16.0.28803.452
MinimumVisualStudioVersion = 10.0.40219.1
Project("{9A19103F-16F7-4668-BE54-9A1E7A4F7556}") = "leanote", "leanote\leanote.csproj", "{4D788415-A965-46A2-B45F-89DAF9DB75E3}"
EndProject
Project("{FAE04EC0-301F-11D3-BF4B-00C04F79EFBC}") = "leanoteLib", "leanoteLib\leanoteLib.csproj", "{776B3F15-586C-4C6A-825D-D054D504FE1A}"
EndProject
Global
	GlobalSection(SolutionConfigurationPlatforms) = preSolution
		Debug|Any CPU = Debug|Any CPU
		Release|Any CPU = Release|Any CPU
	EndGlobalSection
	GlobalSection(ProjectConfigurationPlatforms) = postSolution
		{4D788415-A965-46A2-B45F-89DAF9DB75E3}.Debug|Any CPU.ActiveCfg = Debug|Any CPU
		{4D788415-A965-46A2-B45F-89DAF9DB75E3}.Debug|Any CPU.Build.0 = Debug|Any CPU
		{4D788415-A965-46A2-B45F-89DAF9DB75E3}.Release|Any CPU.ActiveCfg = Release|Any CPU
		{4D788415-A965-46A2-B45F-89DAF9DB75E3}.Release|Any CPU.Build.0 = Release|Any CPU
		{776B3F15-586C-4C6A-825D-D054D504FE1A}.Debug|Any CPU.ActiveCfg = Debug|Any CPU
		{776B3F15-586C-4C6A-825D-D054D504FE1A}.Debug|Any CPU.Build.0 = Debug|Any CPU
		{776B3F15-586C-4C6A-825D-D054D504FE1A}.Release|Any CPU.ActiveCfg = Release|Any CPU
		{776B3F15-586C-4C6A-825D-D054D504FE1A}.Release|Any CPU.Build.0 = Release|Any CPU
	EndGlobalSection
	GlobalSection(SolutionProperties) = preSolution
		HideSolutionNode = FALSE
	EndGlobalSection
	GlobalSection(ExtensibilityGlobals) = postSolution
		SolutionGuid = {343D4670-5884-40C6-BE33-9FB46AD51989}
	EndGlobalSection
EndGlobal
